// !$*UTF8*$!
{
	archiveVersion = 1;
	classes = {
	};
	objectVersion = 51;
	objects = {

/* Begin PBXBuildFile section */
		92B9E05A41BC7CE25B3CF615 /* Pods_RandomNumber.framework in Frameworks */ = {isa = PBXBuildFile; fileRef = 2EF135924DC82DCBEA648547 /* Pods_RandomNumber.framework */; };
		EC1523C029675C530096ACD6 /* check.swift in Sources */ = {isa = PBXBuildFile; fileRef = EC1523BF29675C530096ACD6 /* check.swift */; };
		EC9BE33629373D5400B340D9 /* NumberFactsFullScreenViewController.swift in Sources */ = {isa = PBXBuildFile; fileRef = EC9BE33529373D5400B340D9 /* NumberFactsFullScreenViewController.swift */; };
		EC9BE33829373E5F00B340D9 /* NumberFactsFullScreenView.swift in Sources */ = {isa = PBXBuildFile; fileRef = EC9BE33729373E5F00B340D9 /* NumberFactsFullScreenView.swift */; };
		EC9BE33A29374CAF00B340D9 /* NumberFactsFullScreenModel.swift in Sources */ = {isa = PBXBuildFile; fileRef = EC9BE33929374CAF00B340D9 /* NumberFactsFullScreenModel.swift */; };
		ECADC902293699E200E43525 /* NetworkManager.swift in Sources */ = {isa = PBXBuildFile; fileRef = ECADC901293699E200E43525 /* NetworkManager.swift */; };
		ECADC90429369AF800E43525 /* NumberFactsResponseData.swift in Sources */ = {isa = PBXBuildFile; fileRef = ECADC90329369AF800E43525 /* NumberFactsResponseData.swift */; };
		ECADC90729369BA200E43525 /* NumberFactsData.swift in Sources */ = {isa = PBXBuildFile; fileRef = ECADC90629369BA200E43525 /* NumberFactsData.swift */; };
		ECADC90929369C9A00E43525 /* NumberFactsModel.swift in Sources */ = {isa = PBXBuildFile; fileRef = ECADC90829369C9A00E43525 /* NumberFactsModel.swift */; };
		ECC45161292D139100A23B0B /* SomeConstraints.swift in Sources */ = {isa = PBXBuildFile; fileRef = ECC45160292D139100A23B0B /* SomeConstraints.swift */; };
		ECC45163292D1FF100A23B0B /* NumberFactsViewController+Table.swift in Sources */ = {isa = PBXBuildFile; fileRef = ECC45162292D1FF100A23B0B /* NumberFactsViewController+Table.swift */; };
		ECC45168292D274A00A23B0B /* NumberFactsViewCell.swift in Sources */ = {isa = PBXBuildFile; fileRef = ECC45166292D274A00A23B0B /* NumberFactsViewCell.swift */; };
		ECC45169292D274A00A23B0B /* NumberFactsViewCell.xib in Resources */ = {isa = PBXBuildFile; fileRef = ECC45167292D274A00A23B0B /* NumberFactsViewCell.xib */; };
		ECC5D60E292C03B20093BA71 /* AppDelegate.swift in Sources */ = {isa = PBXBuildFile; fileRef = ECC5D60D292C03B20093BA71 /* AppDelegate.swift */; };
		ECC5D610292C03B20093BA71 /* SceneDelegate.swift in Sources */ = {isa = PBXBuildFile; fileRef = ECC5D60F292C03B20093BA71 /* SceneDelegate.swift */; };
		ECC5D612292C03B20093BA71 /* ViewController.swift in Sources */ = {isa = PBXBuildFile; fileRef = ECC5D611292C03B20093BA71 /* ViewController.swift */; };
		ECC5D617292C03BA0093BA71 /* Assets.xcassets in Resources */ = {isa = PBXBuildFile; fileRef = ECC5D616292C03BA0093BA71 /* Assets.xcassets */; };
		ECC5D61A292C03BA0093BA71 /* LaunchScreen.storyboard in Resources */ = {isa = PBXBuildFile; fileRef = ECC5D618292C03BA0093BA71 /* LaunchScreen.storyboard */; };
		ECC5D623292C04290093BA71 /* Coordinator.swift in Sources */ = {isa = PBXBuildFile; fileRef = ECC5D622292C04290093BA71 /* Coordinator.swift */; };
		ECC5D625292C04450093BA71 /* AppCoordinator.swift in Sources */ = {isa = PBXBuildFile; fileRef = ECC5D624292C04450093BA71 /* AppCoordinator.swift */; };
		ECC5D627292C04650093BA71 /* ScreensCoordinator.swift in Sources */ = {isa = PBXBuildFile; fileRef = ECC5D626292C04650093BA71 /* ScreensCoordinator.swift */; };
		ECC5D629292C049D0093BA71 /* AppConfigurator.swift in Sources */ = {isa = PBXBuildFile; fileRef = ECC5D628292C049D0093BA71 /* AppConfigurator.swift */; };
		ECC5D62F292C051D0093BA71 /* NumberFactsViewController.swift in Sources */ = {isa = PBXBuildFile; fileRef = ECC5D62E292C051D0093BA71 /* NumberFactsViewController.swift */; };
		ECC5D631292C05860093BA71 /* NumberFactsView.swift in Sources */ = {isa = PBXBuildFile; fileRef = ECC5D630292C05860093BA71 /* NumberFactsView.swift */; };
		ECC5D633292C05F10093BA71 /* Colors.swift in Sources */ = {isa = PBXBuildFile; fileRef = ECC5D632292C05F10093BA71 /* Colors.swift */; };
/* End PBXBuildFile section */

/* Begin PBXFileReference section */
		2EF135924DC82DCBEA648547 /* Pods_RandomNumber.framework */ = {isa = PBXFileReference; explicitFileType = wrapper.framework; includeInIndex = 0; path = Pods_RandomNumber.framework; sourceTree = BUILT_PRODUCTS_DIR; };
		3363DCDC7BECAA090E3AACDA /* Pods-RandomNumber.release.xcconfig */ = {isa = PBXFileReference; includeInIndex = 1; lastKnownFileType = text.xcconfig; name = "Pods-RandomNumber.release.xcconfig"; path = "Target Support Files/Pods-RandomNumber/Pods-RandomNumber.release.xcconfig"; sourceTree = "<group>"; };
		9B23C2457EAA61BAFC20A80B /* Pods-RandomNumber.debug.xcconfig */ = {isa = PBXFileReference; includeInIndex = 1; lastKnownFileType = text.xcconfig; name = "Pods-RandomNumber.debug.xcconfig"; path = "Target Support Files/Pods-RandomNumber/Pods-RandomNumber.debug.xcconfig"; sourceTree = "<group>"; };
		EC1523BF29675C530096ACD6 /* check.swift */ = {isa = PBXFileReference; lastKnownFileType = sourcecode.swift; path = check.swift; sourceTree = "<group>"; };
		EC9BE33529373D5400B340D9 /* NumberFactsFullScreenViewController.swift */ = {isa = PBXFileReference; lastKnownFileType = sourcecode.swift; path = NumberFactsFullScreenViewController.swift; sourceTree = "<group>"; };
		EC9BE33729373E5F00B340D9 /* NumberFactsFullScreenView.swift */ = {isa = PBXFileReference; lastKnownFileType = sourcecode.swift; path = NumberFactsFullScreenView.swift; sourceTree = "<group>"; };
		EC9BE33929374CAF00B340D9 /* NumberFactsFullScreenModel.swift */ = {isa = PBXFileReference; lastKnownFileType = sourcecode.swift; path = NumberFactsFullScreenModel.swift; sourceTree = "<group>"; };
		ECADC901293699E200E43525 /* NetworkManager.swift */ = {isa = PBXFileReference; lastKnownFileType = sourcecode.swift; path = NetworkManager.swift; sourceTree = "<group>"; };
		ECADC90329369AF800E43525 /* NumberFactsResponseData.swift */ = {isa = PBXFileReference; lastKnownFileType = sourcecode.swift; path = NumberFactsResponseData.swift; sourceTree = "<group>"; };
		ECADC90629369BA200E43525 /* NumberFactsData.swift */ = {isa = PBXFileReference; lastKnownFileType = sourcecode.swift; path = NumberFactsData.swift; sourceTree = "<group>"; };
		ECADC90829369C9A00E43525 /* NumberFactsModel.swift */ = {isa = PBXFileReference; lastKnownFileType = sourcecode.swift; path = NumberFactsModel.swift; sourceTree = "<group>"; };
		ECC45160292D139100A23B0B /* SomeConstraints.swift */ = {isa = PBXFileReference; lastKnownFileType = sourcecode.swift; path = SomeConstraints.swift; sourceTree = "<group>"; };
		ECC45162292D1FF100A23B0B /* NumberFactsViewController+Table.swift */ = {isa = PBXFileReference; lastKnownFileType = sourcecode.swift; path = "NumberFactsViewController+Table.swift"; sourceTree = "<group>"; };
		ECC45166292D274A00A23B0B /* NumberFactsViewCell.swift */ = {isa = PBXFileReference; lastKnownFileType = sourcecode.swift; path = NumberFactsViewCell.swift; sourceTree = "<group>"; };
		ECC45167292D274A00A23B0B /* NumberFactsViewCell.xib */ = {isa = PBXFileReference; lastKnownFileType = file.xib; path = NumberFactsViewCell.xib; sourceTree = "<group>"; };
		ECC5D60A292C03B20093BA71 /* RandomNumber.app */ = {isa = PBXFileReference; explicitFileType = wrapper.application; includeInIndex = 0; path = RandomNumber.app; sourceTree = BUILT_PRODUCTS_DIR; };
		ECC5D60D292C03B20093BA71 /* AppDelegate.swift */ = {isa = PBXFileReference; lastKnownFileType = sourcecode.swift; path = AppDelegate.swift; sourceTree = "<group>"; };
		ECC5D60F292C03B20093BA71 /* SceneDelegate.swift */ = {isa = PBXFileReference; lastKnownFileType = sourcecode.swift; path = SceneDelegate.swift; sourceTree = "<group>"; };
		ECC5D611292C03B20093BA71 /* ViewController.swift */ = {isa = PBXFileReference; lastKnownFileType = sourcecode.swift; path = ViewController.swift; sourceTree = "<group>"; };
		ECC5D616292C03BA0093BA71 /* Assets.xcassets */ = {isa = PBXFileReference; lastKnownFileType = folder.assetcatalog; path = Assets.xcassets; sourceTree = "<group>"; };
		ECC5D619292C03BA0093BA71 /* Base */ = {isa = PBXFileReference; lastKnownFileType = file.storyboard; name = Base; path = Base.lproj/LaunchScreen.storyboard; sourceTree = "<group>"; };
		ECC5D61B292C03BA0093BA71 /* Info.plist */ = {isa = PBXFileReference; lastKnownFileType = text.plist.xml; path = Info.plist; sourceTree = "<group>"; };
		ECC5D622292C04290093BA71 /* Coordinator.swift */ = {isa = PBXFileReference; lastKnownFileType = sourcecode.swift; path = Coordinator.swift; sourceTree = "<group>"; };
		ECC5D624292C04450093BA71 /* AppCoordinator.swift */ = {isa = PBXFileReference; lastKnownFileType = sourcecode.swift; path = AppCoordinator.swift; sourceTree = "<group>"; };
		ECC5D626292C04650093BA71 /* ScreensCoordinator.swift */ = {isa = PBXFileReference; lastKnownFileType = sourcecode.swift; path = ScreensCoordinator.swift; sourceTree = "<group>"; };
		ECC5D628292C049D0093BA71 /* AppConfigurator.swift */ = {isa = PBXFileReference; lastKnownFileType = sourcecode.swift; path = AppConfigurator.swift; sourceTree = "<group>"; };
		ECC5D62E292C051D0093BA71 /* NumberFactsViewController.swift */ = {isa = PBXFileReference; lastKnownFileType = sourcecode.swift; path = NumberFactsViewController.swift; sourceTree = "<group>"; };
		ECC5D630292C05860093BA71 /* NumberFactsView.swift */ = {isa = PBXFileReference; lastKnownFileType = sourcecode.swift; path = NumberFactsView.swift; sourceTree = "<group>"; };
		ECC5D632292C05F10093BA71 /* Colors.swift */ = {isa = PBXFileReference; lastKnownFileType = sourcecode.swift; path = Colors.swift; sourceTree = "<group>"; };
/* End PBXFileReference section */

/* Begin PBXFrameworksBuildPhase section */
		ECC5D607292C03B20093BA71 /* Frameworks */ = {
			isa = PBXFrameworksBuildPhase;
			buildActionMask = 2147483647;
			files = (
				92B9E05A41BC7CE25B3CF615 /* Pods_RandomNumber.framework in Frameworks */,
			);
			runOnlyForDeploymentPostprocessing = 0;
		};
/* End PBXFrameworksBuildPhase section */

/* Begin PBXGroup section */
		9ABF89FB8414520B385BDBC8 /* Pods */ = {
			isa = PBXGroup;
			children = (
				9B23C2457EAA61BAFC20A80B /* Pods-RandomNumber.debug.xcconfig */,
				3363DCDC7BECAA090E3AACDA /* Pods-RandomNumber.release.xcconfig */,
			);
			path = Pods;
			sourceTree = "<group>";
		};
		E0F942DF5AACC0B903842942 /* Frameworks */ = {
			isa = PBXGroup;
			children = (
				2EF135924DC82DCBEA648547 /* Pods_RandomNumber.framework */,
			);
			name = Frameworks;
			sourceTree = "<group>";
		};
		EC9BE33129373CD600B340D9 /* NumberFactsFullScreen */ = {
			isa = PBXGroup;
			children = (
				EC9BE33429373D0E00B340D9 /* Controller */,
				EC9BE33329373D0400B340D9 /* View */,
				EC9BE33229373CFD00B340D9 /* Model */,
			);
			path = NumberFactsFullScreen;
			sourceTree = "<group>";
		};
		EC9BE33229373CFD00B340D9 /* Model */ = {
			isa = PBXGroup;
			children = (
				EC9BE33929374CAF00B340D9 /* NumberFactsFullScreenModel.swift */,
			);
			path = Model;
			sourceTree = "<group>";
		};
		EC9BE33329373D0400B340D9 /* View */ = {
			isa = PBXGroup;
			children = (
				EC9BE33729373E5F00B340D9 /* NumberFactsFullScreenView.swift */,
			);
			path = View;
			sourceTree = "<group>";
		};
		EC9BE33429373D0E00B340D9 /* Controller */ = {
			isa = PBXGroup;
			children = (
				EC9BE33529373D5400B340D9 /* NumberFactsFullScreenViewController.swift */,
			);
			path = Controller;
			sourceTree = "<group>";
		};
		ECADC8FF2936977B00E43525 /* Model */ = {
			isa = PBXGroup;
			children = (
				ECADC90629369BA200E43525 /* NumberFactsData.swift */,
				ECADC90829369C9A00E43525 /* NumberFactsModel.swift */,
			);
			path = Model;
			sourceTree = "<group>";
		};
		ECADC900293699C400E43525 /* NetworkManager */ = {
			isa = PBXGroup;
			children = (
				ECADC901293699E200E43525 /* NetworkManager.swift */,
				ECADC90329369AF800E43525 /* NumberFactsResponseData.swift */,
			);
			path = NetworkManager;
			sourceTree = "<group>";
		};
		ECC5D601292C03B20093BA71 = {
			isa = PBXGroup;
			children = (
				EC1523BF29675C530096ACD6 /* check.swift */,
				ECADC900293699C400E43525 /* NetworkManager */,
				ECC45160292D139100A23B0B /* SomeConstraints.swift */,
				ECC5D632292C05F10093BA71 /* Colors.swift */,
				ECC5D62A292C04D70093BA71 /* NumberFacts */,
				EC9BE33129373CD600B340D9 /* NumberFactsFullScreen */,
				ECC5D621292C040C0093BA71 /* Coordinators */,
				ECC5D60C292C03B20093BA71 /* RandomNumber */,
				ECC5D60B292C03B20093BA71 /* Products */,
				9ABF89FB8414520B385BDBC8 /* Pods */,
				E0F942DF5AACC0B903842942 /* Frameworks */,
			);
			sourceTree = "<group>";
		};
		ECC5D60B292C03B20093BA71 /* Products */ = {
			isa = PBXGroup;
			children = (
				ECC5D60A292C03B20093BA71 /* RandomNumber.app */,
			);
			name = Products;
			sourceTree = "<group>";
		};
		ECC5D60C292C03B20093BA71 /* RandomNumber */ = {
			isa = PBXGroup;
			children = (
				ECC5D60D292C03B20093BA71 /* AppDelegate.swift */,
				ECC5D60F292C03B20093BA71 /* SceneDelegate.swift */,
				ECC5D611292C03B20093BA71 /* ViewController.swift */,
				ECC5D616292C03BA0093BA71 /* Assets.xcassets */,
				ECC5D618292C03BA0093BA71 /* LaunchScreen.storyboard */,
				ECC5D61B292C03BA0093BA71 /* Info.plist */,
			);
			path = RandomNumber;
			sourceTree = "<group>";
		};
		ECC5D621292C040C0093BA71 /* Coordinators */ = {
			isa = PBXGroup;
			children = (
				ECC5D622292C04290093BA71 /* Coordinator.swift */,
				ECC5D624292C04450093BA71 /* AppCoordinator.swift */,
				ECC5D626292C04650093BA71 /* ScreensCoordinator.swift */,
				ECC5D628292C049D0093BA71 /* AppConfigurator.swift */,
			);
			path = Coordinators;
			sourceTree = "<group>";
		};
		ECC5D62A292C04D70093BA71 /* NumberFacts */ = {
			isa = PBXGroup;
			children = (
				ECADC8FF2936977B00E43525 /* Model */,
				ECC5D62D292C05040093BA71 /* View */,
				ECC5D62B292C04F30093BA71 /* Controller */,
			);
			path = NumberFacts;
			sourceTree = "<group>";
		};
		ECC5D62B292C04F30093BA71 /* Controller */ = {
			isa = PBXGroup;
			children = (
				ECC5D62E292C051D0093BA71 /* NumberFactsViewController.swift */,
				ECC45162292D1FF100A23B0B /* NumberFactsViewController+Table.swift */,
			);
			path = Controller;
			sourceTree = "<group>";
		};
		ECC5D62D292C05040093BA71 /* View */ = {
			isa = PBXGroup;
			children = (
				ECC5D630292C05860093BA71 /* NumberFactsView.swift */,
				ECC45166292D274A00A23B0B /* NumberFactsViewCell.swift */,
				ECC45167292D274A00A23B0B /* NumberFactsViewCell.xib */,
			);
			path = View;
			sourceTree = "<group>";
		};
/* End PBXGroup section */

/* Begin PBXNativeTarget section */
		ECC5D609292C03B20093BA71 /* RandomNumber */ = {
			isa = PBXNativeTarget;
			buildConfigurationList = ECC5D61E292C03BA0093BA71 /* Build configuration list for PBXNativeTarget "RandomNumber" */;
			buildPhases = (
				538F12FA01CB4BA6CE26ADC2 /* [CP] Check Pods Manifest.lock */,
				ECC5D606292C03B20093BA71 /* Sources */,
				ECC5D607292C03B20093BA71 /* Frameworks */,
				ECC5D608292C03B20093BA71 /* Resources */,
				45A291B4698F78709DF42F2D /* [CP] Embed Pods Frameworks */,
			);
			buildRules = (
			);
			dependencies = (
			);
			name = RandomNumber;
			productName = RandomNumber;
			productReference = ECC5D60A292C03B20093BA71 /* RandomNumber.app */;
			productType = "com.apple.product-type.application";
		};
/* End PBXNativeTarget section */

/* Begin PBXProject section */
		ECC5D602292C03B20093BA71 /* Project object */ = {
			isa = PBXProject;
			attributes = {
				LastSwiftUpdateCheck = 1250;
				LastUpgradeCheck = 1250;
				TargetAttributes = {
					ECC5D609292C03B20093BA71 = {
						CreatedOnToolsVersion = 12.5.1;
					};
				};
			};
			buildConfigurationList = ECC5D605292C03B20093BA71 /* Build configuration list for PBXProject "RandomNumber" */;
			compatibilityVersion = "Xcode 9.3";
			developmentRegion = en;
			hasScannedForEncodings = 0;
			knownRegions = (
				en,
				Base,
			);
			mainGroup = ECC5D601292C03B20093BA71;
			productRefGroup = ECC5D60B292C03B20093BA71 /* Products */;
			projectDirPath = "";
			projectRoot = "";
			targets = (
				ECC5D609292C03B20093BA71 /* RandomNumber */,
			);
		};
/* End PBXProject section */

/* Begin PBXResourcesBuildPhase section */
		ECC5D608292C03B20093BA71 /* Resources */ = {
			isa = PBXResourcesBuildPhase;
			buildActionMask = 2147483647;
			files = (
				ECC5D61A292C03BA0093BA71 /* LaunchScreen.storyboard in Resources */,
				ECC5D617292C03BA0093BA71 /* Assets.xcassets in Resources */,
				ECC45169292D274A00A23B0B /* NumberFactsViewCell.xib in Resources */,
			);
			runOnlyForDeploymentPostprocessing = 0;
		};
/* End PBXResourcesBuildPhase section */

/* Begin PBXShellScriptBuildPhase section */
		45A291B4698F78709DF42F2D /* [CP] Embed Pods Frameworks */ = {
			isa = PBXShellScriptBuildPhase;
			buildActionMask = 2147483647;
			files = (
			);
			inputFileListPaths = (
				"${PODS_ROOT}/Target Support Files/Pods-RandomNumber/Pods-RandomNumber-frameworks-${CONFIGURATION}-input-files.xcfilelist",
			);
			name = "[CP] Embed Pods Frameworks";
			outputFileListPaths = (
				"${PODS_ROOT}/Target Support Files/Pods-RandomNumber/Pods-RandomNumber-frameworks-${CONFIGURATION}-output-files.xcfilelist",
			);
			runOnlyForDeploymentPostprocessing = 0;
			shellPath = /bin/sh;
			shellScript = "\"${PODS_ROOT}/Target Support Files/Pods-RandomNumber/Pods-RandomNumber-frameworks.sh\"\n";
			showEnvVarsInLog = 0;
		};
		538F12FA01CB4BA6CE26ADC2 /* [CP] Check Pods Manifest.lock */ = {
			isa = PBXShellScriptBuildPhase;
			buildActionMask = 2147483647;
			files = (
			);
			inputFileListPaths = (
			);
			inputPaths = (
				"${PODS_PODFILE_DIR_PATH}/Podfile.lock",
				"${PODS_ROOT}/Manifest.lock",
			);
			name = "[CP] Check Pods Manifest.lock";
			outputFileListPaths = (
			);
			outputPaths = (
				"$(DERIVED_FILE_DIR)/Pods-RandomNumber-checkManifestLockResult.txt",
			);
			runOnlyForDeploymentPostprocessing = 0;
			shellPath = /bin/sh;
			shellScript = "diff \"${PODS_PODFILE_DIR_PATH}/Podfile.lock\" \"${PODS_ROOT}/Manifest.lock\" > /dev/null\nif [ $? != 0 ] ; then\n    # print error to STDERR\n    echo \"error: The sandbox is not in sync with the Podfile.lock. Run 'pod install' or update your CocoaPods installation.\" >&2\n    exit 1\nfi\n# This output is used by Xcode 'outputs' to avoid re-running this script phase.\necho \"SUCCESS\" > \"${SCRIPT_OUTPUT_FILE_0}\"\n";
			showEnvVarsInLog = 0;
		};
/* End PBXShellScriptBuildPhase section */

/* Begin PBXSourcesBuildPhase section */
		ECC5D606292C03B20093BA71 /* Sources */ = {
			isa = PBXSourcesBuildPhase;
			buildActionMask = 2147483647;
			files = (
				EC9BE33829373E5F00B340D9 /* NumberFactsFullScreenView.swift in Sources */,
				ECC45161292D139100A23B0B /* SomeConstraints.swift in Sources */,
				ECC45168292D274A00A23B0B /* NumberFactsViewCell.swift in Sources */,
				ECADC90429369AF800E43525 /* NumberFactsResponseData.swift in Sources */,
				ECC5D629292C049D0093BA71 /* AppConfigurator.swift in Sources */,
				ECADC90729369BA200E43525 /* NumberFactsData.swift in Sources */,
				ECC5D633292C05F10093BA71 /* Colors.swift in Sources */,
				ECC5D623292C04290093BA71 /* Coordinator.swift in Sources */,
				ECC5D612292C03B20093BA71 /* ViewController.swift in Sources */,
				ECC5D62F292C051D0093BA71 /* NumberFactsViewController.swift in Sources */,
				ECC5D625292C04450093BA71 /* AppCoordinator.swift in Sources */,
				EC9BE33629373D5400B340D9 /* NumberFactsFullScreenViewController.swift in Sources */,
				EC1523C029675C530096ACD6 /* check.swift in Sources */,
				ECC5D60E292C03B20093BA71 /* AppDelegate.swift in Sources */,
				ECC45163292D1FF100A23B0B /* NumberFactsViewController+Table.swift in Sources */,
				EC9BE33A29374CAF00B340D9 /* NumberFactsFullScreenModel.swift in Sources */,
				ECADC902293699E200E43525 /* NetworkManager.swift in Sources */,
				ECC5D631292C05860093BA71 /* NumberFactsView.swift in Sources */,
				ECADC90929369C9A00E43525 /* NumberFactsModel.swift in Sources */,
				ECC5D627292C04650093BA71 /* ScreensCoordinator.swift in Sources */,
				ECC5D610292C03B20093BA71 /* SceneDelegate.swift in Sources */,
			);
			runOnlyForDeploymentPostprocessing = 0;
		};
/* End PBXSourcesBuildPhase section */

/* Begin PBXVariantGroup section */
		ECC5D618292C03BA0093BA71 /* LaunchScreen.storyboard */ = {
			isa = PBXVariantGroup;
			children = (
				ECC5D619292C03BA0093BA71 /* Base */,
			);
			name = LaunchScreen.storyboard;
			sourceTree = "<group>";
		};
/* End PBXVariantGroup section */

/* Begin XCBuildConfiguration section */
		ECC5D61C292C03BA0093BA71 /* Debug */ = {
			isa = XCBuildConfiguration;
			buildSettings = {
				ALWAYS_SEARCH_USER_PATHS = NO;
				CLANG_ANALYZER_NONNULL = YES;
				CLANG_ANALYZER_NUMBER_OBJECT_CONVERSION = YES_AGGRESSIVE;
				CLANG_CXX_LANGUAGE_STANDARD = "gnu++14";
				CLANG_CXX_LIBRARY = "libc++";
				CLANG_ENABLE_MODULES = YES;
				CLANG_ENABLE_OBJC_ARC = YES;
				CLANG_ENABLE_OBJC_WEAK = YES;
				CLANG_WARN_BLOCK_CAPTURE_AUTORELEASING = YES;
				CLANG_WARN_BOOL_CONVERSION = YES;
				CLANG_WARN_COMMA = YES;
				CLANG_WARN_CONSTANT_CONVERSION = YES;
				CLANG_WARN_DEPRECATED_OBJC_IMPLEMENTATIONS = YES;
				CLANG_WARN_DIRECT_OBJC_ISA_USAGE = YES_ERROR;
				CLANG_WARN_DOCUMENTATION_COMMENTS = YES;
				CLANG_WARN_EMPTY_BODY = YES;
				CLANG_WARN_ENUM_CONVERSION = YES;
				CLANG_WARN_INFINITE_RECURSION = YES;
				CLANG_WARN_INT_CONVERSION = YES;
				CLANG_WARN_NON_LITERAL_NULL_CONVERSION = YES;
				CLANG_WARN_OBJC_IMPLICIT_RETAIN_SELF = YES;
				CLANG_WARN_OBJC_LITERAL_CONVERSION = YES;
				CLANG_WARN_OBJC_ROOT_CLASS = YES_ERROR;
				CLANG_WARN_QUOTED_INCLUDE_IN_FRAMEWORK_HEADER = YES;
				CLANG_WARN_RANGE_LOOP_ANALYSIS = YES;
				CLANG_WARN_STRICT_PROTOTYPES = YES;
				CLANG_WARN_SUSPICIOUS_MOVE = YES;
				CLANG_WARN_UNGUARDED_AVAILABILITY = YES_AGGRESSIVE;
				CLANG_WARN_UNREACHABLE_CODE = YES;
				CLANG_WARN__DUPLICATE_METHOD_MATCH = YES;
				COPY_PHASE_STRIP = NO;
				DEBUG_INFORMATION_FORMAT = dwarf;
				ENABLE_STRICT_OBJC_MSGSEND = YES;
				ENABLE_TESTABILITY = YES;
				GCC_C_LANGUAGE_STANDARD = gnu11;
				GCC_DYNAMIC_NO_PIC = NO;
				GCC_NO_COMMON_BLOCKS = YES;
				GCC_OPTIMIZATION_LEVEL = 0;
				GCC_PREPROCESSOR_DEFINITIONS = (
					"DEBUG=1",
					"$(inherited)",
				);
				GCC_WARN_64_TO_32_BIT_CONVERSION = YES;
				GCC_WARN_ABOUT_RETURN_TYPE = YES_ERROR;
				GCC_WARN_UNDECLARED_SELECTOR = YES;
				GCC_WARN_UNINITIALIZED_AUTOS = YES_AGGRESSIVE;
				GCC_WARN_UNUSED_FUNCTION = YES;
				GCC_WARN_UNUSED_VARIABLE = YES;
				IPHONEOS_DEPLOYMENT_TARGET = 14.5;
				MTL_ENABLE_DEBUG_INFO = INCLUDE_SOURCE;
				MTL_FAST_MATH = YES;
				ONLY_ACTIVE_ARCH = YES;
				SDKROOT = iphoneos;
				SWIFT_ACTIVE_COMPILATION_CONDITIONS = DEBUG;
				SWIFT_OPTIMIZATION_LEVEL = "-Onone";
			};
			name = Debug;
		};
		ECC5D61D292C03BA0093BA71 /* Release */ = {
			isa = XCBuildConfiguration;
			buildSettings = {
				ALWAYS_SEARCH_USER_PATHS = NO;
				CLANG_ANALYZER_NONNULL = YES;
				CLANG_ANALYZER_NUMBER_OBJECT_CONVERSION = YES_AGGRESSIVE;
				CLANG_CXX_LANGUAGE_STANDARD = "gnu++14";
				CLANG_CXX_LIBRARY = "libc++";
				CLANG_ENABLE_MODULES = YES;
				CLANG_ENABLE_OBJC_ARC = YES;
				CLANG_ENABLE_OBJC_WEAK = YES;
				CLANG_WARN_BLOCK_CAPTURE_AUTORELEASING = YES;
				CLANG_WARN_BOOL_CONVERSION = YES;
				CLANG_WARN_COMMA = YES;
				CLANG_WARN_CONSTANT_CONVERSION = YES;
				CLANG_WARN_DEPRECATED_OBJC_IMPLEMENTATIONS = YES;
				CLANG_WARN_DIRECT_OBJC_ISA_USAGE = YES_ERROR;
				CLANG_WARN_DOCUMENTATION_COMMENTS = YES;
				CLANG_WARN_EMPTY_BODY = YES;
				CLANG_WARN_ENUM_CONVERSION = YES;
				CLANG_WARN_INFINITE_RECURSION = YES;
				CLANG_WARN_INT_CONVERSION = YES;
				CLANG_WARN_NON_LITERAL_NULL_CONVERSION = YES;
				CLANG_WARN_OBJC_IMPLICIT_RETAIN_SELF = YES;
				CLANG_WARN_OBJC_LITERAL_CONVERSION = YES;
				CLANG_WARN_OBJC_ROOT_CLASS = YES_ERROR;
				CLANG_WARN_QUOTED_INCLUDE_IN_FRAMEWORK_HEADER = YES;
				CLANG_WARN_RANGE_LOOP_ANALYSIS = YES;
				CLANG_WARN_STRICT_PROTOTYPES = YES;
				CLANG_WARN_SUSPICIOUS_MOVE = YES;
				CLANG_WARN_UNGUARDED_AVAILABILITY = YES_AGGRESSIVE;
				CLANG_WARN_UNREACHABLE_CODE = YES;
				CLANG_WARN__DUPLICATE_METHOD_MATCH = YES;
				COPY_PHASE_STRIP = NO;
				DEBUG_INFORMATION_FORMAT = "dwarf-with-dsym";
				ENABLE_NS_ASSERTIONS = NO;
				ENABLE_STRICT_OBJC_MSGSEND = YES;
				GCC_C_LANGUAGE_STANDARD = gnu11;
				GCC_NO_COMMON_BLOCKS = YES;
				GCC_WARN_64_TO_32_BIT_CONVERSION = YES;
				GCC_WARN_ABOUT_RETURN_TYPE = YES_ERROR;
				GCC_WARN_UNDECLARED_SELECTOR = YES;
				GCC_WARN_UNINITIALIZED_AUTOS = YES_AGGRESSIVE;
				GCC_WARN_UNUSED_FUNCTION = YES;
				GCC_WARN_UNUSED_VARIABLE = YES;
				IPHONEOS_DEPLOYMENT_TARGET = 14.5;
				MTL_ENABLE_DEBUG_INFO = NO;
				MTL_FAST_MATH = YES;
				SDKROOT = iphoneos;
				SWIFT_COMPILATION_MODE = wholemodule;
				SWIFT_OPTIMIZATION_LEVEL = "-O";
				VALIDATE_PRODUCT = YES;
			};
			name = Release;
		};
		ECC5D61F292C03BA0093BA71 /* Debug */ = {
			isa = XCBuildConfiguration;
			baseConfigurationReference = 9B23C2457EAA61BAFC20A80B /* Pods-RandomNumber.debug.xcconfig */;
			buildSettings = {
				ASSETCATALOG_COMPILER_APPICON_NAME = AppIcon;
				ASSETCATALOG_COMPILER_GLOBAL_ACCENT_COLOR_NAME = AccentColor;
				CODE_SIGN_STYLE = Automatic;
				INFOPLIST_FILE = RandomNumber/Info.plist;
				LD_RUNPATH_SEARCH_PATHS = (
					"$(inherited)",
					"@executable_path/Frameworks",
				);
				PRODUCT_BUNDLE_IDENTIFIER = Boris.RandomNumber;
				PRODUCT_NAME = "$(TARGET_NAME)";
				SWIFT_VERSION = 5.0;
				TARGETED_DEVICE_FAMILY = "1,2";
			};
			name = Debug;
		};
		ECC5D620292C03BA0093BA71 /* Release */ = {
			isa = XCBuildConfiguration;
			baseConfigurationReference = 3363DCDC7BECAA090E3AACDA /* Pods-RandomNumber.release.xcconfig */;
			buildSettings = {
				ASSETCATALOG_COMPILER_APPICON_NAME = AppIcon;
				ASSETCATALOG_COMPILER_GLOBAL_ACCENT_COLOR_NAME = AccentColor;
				CODE_SIGN_STYLE = Automatic;
				INFOPLIST_FILE = RandomNumber/Info.plist;
				LD_RUNPATH_SEARCH_PATHS = (
					"$(inherited)",
					"@executable_path/Frameworks",
				);
				PRODUCT_BUNDLE_IDENTIFIER = Boris.RandomNumber;
				PRODUCT_NAME = "$(TARGET_NAME)";
				SWIFT_VERSION = 5.0;
				TARGETED_DEVICE_FAMILY = "1,2";
			};
			name = Release;
		};
/* End XCBuildConfiguration section */

/* Begin XCConfigurationList section */
		ECC5D605292C03B20093BA71 /* Build configuration list for PBXProject "RandomNumber" */ = {
			isa = XCConfigurationList;
			buildConfigurations = (
				ECC5D61C292C03BA0093BA71 /* Debug */,
				ECC5D61D292C03BA0093BA71 /* Release */,
			);
			defaultConfigurationIsVisible = 0;
			defaultConfigurationName = Release;
		};
		ECC5D61E292C03BA0093BA71 /* Build configuration list for PBXNativeTarget "RandomNumber" */ = {
			isa = XCConfigurationList;
			buildConfigurations = (
				ECC5D61F292C03BA0093BA71 /* Debug */,
				ECC5D620292C03BA0093BA71 /* Release */,
			);
			defaultConfigurationIsVisible = 0;
			defaultConfigurationName = Release;
		};
/* End XCConfigurationList section */
	};
	rootObject = ECC5D602292C03B20093BA71 /* Project object */;
}
